
Microsoft Visual Studio Solution File, Format Version 12.00
# Visual Studio 15
VisualStudioVersion = 15.0.26730.16
MinimumVisualStudioVersion = 10.0.40219.1
Project("{FAE04EC0-301F-11D3-BF4B-00C04F79EFBC}") = "lab9_1", "lab9_1\lab9_1.csproj", "{BC99AD10-5975-40C3-9A6B-2F347D596529}"
EndProject
Global
	GlobalSection(SolutionConfigurationPlatforms) = preSolution
		Debug|Any CPU = Debug|Any CPU
		Release|Any CPU = Release|Any CPU
	EndGlobalSection
	GlobalSection(ProjectConfigurationPlatforms) = postSolution
		{BC99AD10-5975-40C3-9A6B-2F347D596529}.Debug|Any CPU.ActiveCfg = Debug|Any CPU
		{BC99AD10-5975-40C3-9A6B-2F347D596529}.Debug|Any CPU.Build.0 = Debug|Any CPU
		{BC99AD10-5975-40C3-9A6B-2F347D596529}.Release|Any CPU.ActiveCfg = Release|Any CPU
		{BC99AD10-5975-40C3-9A6B-2F347D596529}.Release|Any CPU.Build.0 = Release|Any CPU
	EndGlobalSection
	GlobalSection(SolutionProperties) = preSolution
		HideSolutionNode = FALSE
	EndGlobalSection
	GlobalSection(ExtensibilityGlobals) = postSolution
		SolutionGuid = {CDBF8544-B55B-42AA-9869-9814768297F1}
	EndGlobalSection
EndGlobal
